<?xml version="1.0" encoding="UTF-8" standalone="yes"?>
<CodeBlocks_project_file>
<FileVersion major="1" minor="6" />
<Project>
<Option title="AC695N_soundbox" />
<Option compiler="pi32v2_r3_lto_compiler" />
<Build>
<Target title="Release">
<Option output="cpu/br23/tools/sdk.elf" prefix_auto="0" extension_auto="0" />
<Option object_output="obj/Release/" />
<Option type="1" />
<Option compiler="pi32v2_r3_lto_compiler" />
<Compiler>
<Add option="-Wuninitialized" />
<Add option="-Wno-invalid-noreturn" />
<Add option="-fno-common" />
<Add option="-integrated-as" />
<Add option="-Oz" />
<Add option="-c" />
<Add option="-g" />
<Add option="-flto" />
<Add option="-ffreestanding" />
<Add option="-fallow-pointer-null" />
<Add option="-fprefer-gnu-section" />
<Add option="-Wno-shift-negative-value" />
<Add option="-DCONFIG_CPU_BR23" />
<Add option="-DCONFIG_RELEASE_ENABLE" />
<Add option="-DCONFIG_EQ_SUPPORT_ASYNC" />
<Add option="-DCONFIG_FREE_RTOS_ENABLE" />
<Add option="-DCONFIG_LINK_INQUIRY_ENABLE=1" />
<Add option="-DCONFIG_USB_UPDATE_ENABLE" />
<Add option="-DSUPPORT_BLUETOOTH_PROFILE_RELEASE" />
<Add option="-DEVENT_HANDLER_NUM_CONFIG=2" />
<Add option="-DEVENT_TOUCH_ENABLE_CONFIG=0" />
<Add option="-DEVENT_POOL_SIZE_CONFIG=256" />
<Add option="-DCONFIG_EVENT_KEY_MAP_ENABLE=0" />
<Add option="-DTIMER_POOL_NUM_CONFIG=15" />
<Add option="-DAPP_ASYNC_POOL_NUM_CONFIG=0" />
<Add option="-DVFS_ENABLE=1" />
<Add option="-DUSE_SDFILE_NEW=1" />
<Add option="-DSDFILE_STORAGE=1" />
<Add option="-DVFS_FILE_POOL_NUM_CONFIG=1" />
<Add option="-DFS_VERSION=0x020001" />
<Add option="-DFATFS_VERSION=0x020101" />
<Add option="-DSDFILE_VERSION=0x020000" />
<Add option="-DVM_MAX_SIZE_CONFIG=64*1024" />
<Add option="-DVM_ITEM_MAX_NUM=256" />
<Add option="-DCONFIG_TWS_ENABLE" />
<Add option="-DCONFIG_SD_UPDATE_ENABLE" />
<Add option="-DCONFIG_LITE_DECODER=0" />
<Add option="-DCONFIG_LITE_AEC_ENABLE=0" />
<Add option="-DAUDIO_REC_POOL_NUM=1" />
<Add option="-DAUDIO_DEC_POOL_NUM=3" />
<Add option="-DAUDIO_LINEIN_ENABLE" />
<Add option="-DAUDIO_LOCAL_DEC_USE_MALLOC" />
<Add option="-DCONFIG_TONE_LOCK_BY_BT_TIME" />
<Add option="-DTEST_DUT_CODE=1" />
<Add option="-DTEST_DUT_ONLY_BOX_CODE=0" />
<Add option="-DTEST_FCC_CODE=1" />
<Add option="-DCONFIG_LMP_CONN_SUSPEND_ENABLE" />
<Add option="-DCONFIG_BTCTRLER_TASK_DEL_ENABLE" />
<Add option="-DCONFIG_UPDATA_ENABLE" />
<Add option="-DCONFIG_OTA_UPDATA_ENABLE" />
<Add option="-DCONFIG_ITEM_FORMAT_VM" />
<Add option="-DCONFIG_MMU_ENABLE" />
<Add option="-DCONFIG_SBC_CODEC_HW" />
<Add option="-DCONFIG_MSBC_CODEC_HW" />
<Add option="-DCONFIG_AEC_M=640" />
<Add option="-DCONFIG_AUDIO_ONCHIP" />
<Add option="-DCONFIG_LOCAL_TWS_ENABLE" />
<Add option="-DCONFIG_MEDIA_NEW_ENABLE" />
<Add option="-D__GCC_PI32V2__" />
<Add directory="include_lib" />
<Add directory="include_lib/driver" />
<Add directory="include_lib/driver/device" />
<Add directory="include_lib/driver/cpu/br23" />
<Add directory="include_lib/system" />
<Add directory="include_lib/system/generic" />
<Add directory="include_lib/system/device" />
<Add directory="include_lib/system/fs" />
<Add directory="include_lib/system/ui" />
<Add directory="include_lib/btctrler" />
<Add directory="include_lib/btctrler/port/br23" />
<Add directory="include_lib/update" />
<Add directory="include_lib/ai_stack" />
<Add directory="include_lib/ai_stack/JL_rcsp" />
<Add directory="include_lib/agreement" />
<Add directory="include_lib/media/media_new" />
<Add directory="include_lib/media/media_new/media" />
<Add directory="include_lib/media/media_new/media/cpu/br23" />
<Add directory="include_lib/media/media_new/media/cpu/br23/asm" />
<Add directory="apps/soundbox/include" />
<Add directory="apps/common" />
<Add directory="apps/common/ble/include" />
<Add directory="apps/common/edr/include" />
<Add directory="apps/common/charge/include" />
<Add directory="apps/common/third_party_profile/include/tm_gma_protocol" />
<Add directory="apps/common/third_party_profile/include/dma_deal" />
<Add directory="apps/common/third_party_profile/include/common" />
<Add directory="apps/common/third_party_profile/include/JL_rcsp" />
<Add directory="apps/common/include" />
<Add directory="apps/config/include" />
<Add directory="apps/soundbox/board/br23" />
<Add directory="cpu/br23" />
<Add directory="cpu/br23/audio_common" />
<Add directory="cpu/br23/audio_dec" />
<Add directory="cpu/br23/audio_enc" />
<Add directory="cpu/br23/audio_effect" />
<Add directory="apps/common/usb" />
<Add directory="apps/common/usb/device" />
<Add directory="apps/common/usb/host" />
<Add directory="apps/common/third_party_profile/include/JL_rcsp_adv" />
<Add directory="apps/common/third_party_profile/include/JL_rcsp_adv/rcsp_adv_setting" />
</Compiler>
<Linker>
<Add option="--plugin-opt=-pi32v2-always-use-itblock=false" />
<Add option="--plugin-opt=-enable-ipra=true" />
<Add option="--plugin-opt=-pi32v2-merge-max-offset=4096" />
<Add option="--plugin-opt=-pi32v2-enable-simd=true" />
<Add option="--plugin-opt=mcpu=r3" />
<Add option="--plugin-opt=-enable-movable-region=true" />
<Add option="--plugin-opt=-movable-region-section-prefix=movable.slot." />
<Add option="--plugin-opt=-global-merge-on-const" />
<Add option="--plugin-opt=-inline-threshold=10" />
<Add option="--plugin-opt=-inline-normal-into-special-section=true" />
<Add option="--plugin-opt=-dont-used-symbol-list=malloc,free,sprintf,printf,puts,putchar" />
<Add option="--plugin-opt=save-temps" />
<Add option="--plugin-opt=-pi32v2-enable-rep-memop" />
<Add option="--sort-common" />
<Add option="--dont-complain-call-overflow" />
<Add option="--start-group" />
<Add option="include_lib/liba/br23/cpu.a" />
<Add option="include_lib/liba/br23/system.a" />
<Add option="include_lib/liba/br23/btstack.a" />
<Add option="include_lib/liba/br23/ai_stack.a" />
<Add option="include_lib/liba/br23/btctrler.a" />
<Add option="include_lib/liba/br23/media.a" />
<Add option="include_lib/liba/br23/libAptFilt_pi32v2_OnChip.a" />
<Add option="include_lib/liba/br23/libEchoSuppress_pi32v2_OnChip.a" />
<Add option="include_lib/liba/br23/libNoiseSuppress_pi32v2_OnChip.a" />
<Add option="include_lib/liba/br23/libSplittingFilter_pi32v2_OnChip.a" />
<Add option="include_lib/liba/br23/libDelayEstimate_pi32v2_OnChip.a" />
<Add option="include_lib/liba/br23/libSingleMicSystem_pi32v2_OnChip.a" />
<Add option="include_lib/liba/br23/lib_esco_repair.a" />
<Add option="include_lib/liba/br23/mp3_dec_lib.a" />
<Add option="include_lib/liba/br23/mp3tsy_dec_lib.a" />
<Add option="include_lib/liba/br23/wma_dec_lib.a" />
<Add option="include_lib/liba/br23/wtg_dec_lib.a" />
<Add option="include_lib/liba/br23/wav_dec_lib.a" />
<Add option="include_lib/liba/br23/flac_dec_lib.a" />
<Add option="include_lib/liba/br23/ape_dec_lib.a" />
<Add option="include_lib/liba/br23/m4a_dec_lib.a" />
<Add option="include_lib/liba/br23/amr_dec_lib.a" />
<Add option="include_lib/liba/br23/dts_dec_lib.a" />
<Add option="include_lib/liba/br23/mp3_decstream_lib.a" />
<Add option="include_lib/liba/br23/wma_decstream_lib.a" />
<Add option="include_lib/liba/br23/sbc_eng_lib.a" />
<Add option="include_lib/liba/br23/compressor.a" />
<Add option="include_lib/liba/br23/crossover_coff.a" />
<Add option="include_lib/liba/br23/limiter.a" />
<Add option="include_lib/liba/br23/lib_mp2_code.a" />
<Add option="include_lib/liba/br23/lib_adpcm_code.a" />
<Add option="include_lib/liba/br23/mp3_enc_lib.a" />
<Add option="include_lib/liba/br23/opus_enc_lib.a" />
<Add option="include_lib/liba/br23/speex_enc_lib.a" />
<Add option="include_lib/liba/br23/lib_pitchshifter.a" />
<Add option="include_lib/liba/br23/lib_reverb_cal.a" />
<Add option="include_lib/liba/br23/lib_rmono2stereo.a" />
<Add option="include_lib/liba/br23/bfilterfun_lib.a" />
<Add option="include_lib/liba/br23/libFFT_pi32v2_OnChip.a" />
<Add option="include_lib/liba/br23/libOpcore_maskrom_pi32v2_OnChip.a" />
<Add option="include_lib/liba/br23/lib_resample_cal.a" />
<Add option="include_lib/liba/br23/crypto_toolbox_Ospeed.a" />
<Add option="include_lib/liba/br23/lib_g726_decode.a" />
<Add option="include_lib/liba/br23/lib_g726_code.a" />
<Add option="include_lib/liba/br23/limiter_noiseGate.a" />
<Add option="include_lib/liba/br23/howling.a" />
<Add option="include_lib/liba/br23/math.a" />
<Add option="include_lib/liba/br23/lib_midi_dec.a" />
<Add option="include_lib/liba/br23/JL_rcsp.a" />
<Add option="include_lib/liba/br23/bt_hash_enc.a" />
<Add option="include_lib/liba/br23/filtparam_cal_lib.a" />
<Add option="include_lib/liba/br23/agreement.a" />
<Add option="--end-group" />
<Add option="include_lib/liba/br23/update.a" />
<Add option="-Tcpu/br23/sdk.ld" />
<Add option="-M=cpu/br23/tools/sdk.map" />
<Add library="C:\JL\pi32\pi32v2-lib\r3\libm.a" />
</Linker>
<ExtraCommands>
<Add before="$compiler $options $includes -D__LD__ -E -P cpu\br23\sdk_ld.c -o cpu\br23\sdk.ld" />
<Mode before="always" />
<Add after="cpu\br23\tools\download.bat sdk" />
<Mode after="always" />
</ExtraCommands>
</Target>
</Build>
<Unit filename="apps/common/audio_digital_vol.c"><Option compilerVer="CC"/></Unit>
<Unit filename="apps/common/audio_digital_vol.h" />
<Unit filename="apps/common/audio_splicing.c"><Option compilerVer="CC"/></Unit>
<Unit filename="apps/common/audio_splicing.h" />
<Unit filename="apps/common/ble/include/le_client_demo.h" />
<Unit filename="apps/common/ble/include/le_common.h" />
<Unit filename="apps/common/ble/include/le_rcsp_adv_module.h" />
<Unit filename="apps/common/ble/include/le_rcsp_demo.h" />
<Unit filename="apps/common/ble/include/le_streamer_demo.h" />
<Unit filename="apps/common/ble/include/le_trans_data.h" />
<Unit filename="apps/common/ble/le_client_demo.c"><Option compilerVer="CC"/></Unit>
<Unit filename="apps/common/ble/le_rcsp_adv_module.c"><Option compilerVer="CC"/></Unit>
<Unit filename="apps/common/ble/le_rcsp_demo.c"><Option compilerVer="CC"/></Unit>
<Unit filename="apps/common/ble/le_streamer_demo.c"><Option compilerVer="CC"/></Unit>
<Unit filename="apps/common/ble/le_trans_data.c"><Option compilerVer="CC"/></Unit>
<Unit filename="apps/common/charge/app_charge.c"><Option compilerVer="CC"/></Unit>
<Unit filename="apps/common/charge/app_chargestore.c"><Option compilerVer="CC"/></Unit>
<Unit filename="apps/common/charge/include/app_charge.h" />
<Unit filename="apps/common/charge/include/app_chargestore.h" />
<Unit filename="apps/common/debug_lite/debug_lite.c"><Option compilerVer="CC"/></Unit>
<Unit filename="apps/common/detection.c"><Option compilerVer="CC"/></Unit>
<Unit filename="apps/common/edr/hid_user.c"><Option compilerVer="CC"/></Unit>
<Unit filename="apps/common/edr/include/hid_user.h" />
<Unit filename="apps/common/edr/include/spp_trans_data.h" />
<Unit filename="apps/common/edr/include/spp_user.h" />
<Unit filename="apps/common/edr/spp_trans_data.c"><Option compilerVer="CC"/></Unit>
<Unit filename="apps/common/edr/spp_user.c"><Option compilerVer="CC"/></Unit>
<Unit filename="apps/common/encode/encode_write.h" />
<Unit filename="apps/common/encode/encode_write_file.c"><Option compilerVer="CC"/></Unit>
<Unit filename="apps/common/file_operate/file_api.c"><Option compilerVer="CC"/></Unit>
<Unit filename="apps/common/file_operate/file_bs_deal.c"><Option compilerVer="CC"/></Unit>
<Unit filename="apps/common/file_operate/file_bs_deal.h" />
<Unit filename="apps/common/file_operate/file_operate.c"><Option compilerVer="CC"/></Unit>
<Unit filename="apps/common/file_operate/file_operate.h" />
<Unit filename="apps/common/fm/bk1080/BK1080.h" />
<Unit filename="apps/common/fm/bk1080/Bk1080.c"><Option compilerVer="CC"/></Unit>
<Unit filename="apps/common/fm/fm_inside/fm_inside.c"><Option compilerVer="CC"/></Unit>
<Unit filename="apps/common/fm/fm_inside/fm_inside.h" />
<Unit filename="apps/common/fm/fm_manage.c"><Option compilerVer="CC"/></Unit>
<Unit filename="apps/common/fm/qn8035/QN8035.c"><Option compilerVer="CC"/></Unit>
<Unit filename="apps/common/fm/qn8035/QN8035.h" />
<Unit filename="apps/common/fm/rda5807/RDA5807.c"><Option compilerVer="CC"/></Unit>
<Unit filename="apps/common/fm/rda5807/RDA5807.h" />
<Unit filename="apps/common/fm_emitter/ac3433/ac3433.c"><Option compilerVer="CC"/></Unit>
<Unit filename="apps/common/fm_emitter/ac3433/ac3433.h" />
<Unit filename="apps/common/fm_emitter/fm_emitter_manage.c"><Option compilerVer="CC"/></Unit>
<Unit filename="apps/common/fm_emitter/fm_inside/fm_emitter_inside.c"><Option compilerVer="CC"/></Unit>
<Unit filename="apps/common/fm_emitter/fm_inside/fm_emitter_inside.h" />
<Unit filename="apps/common/fm_emitter/qn8007/qn8007.c"><Option compilerVer="CC"/></Unit>
<Unit filename="apps/common/fm_emitter/qn8007/qn8007.h" />
<Unit filename="apps/common/fm_emitter/qn8027/qn8027.c"><Option compilerVer="CC"/></Unit>
<Unit filename="apps/common/fm_emitter/qn8027/qn8027.h" />
<Unit filename="apps/common/gSensor/SC7A20.c"><Option compilerVer="CC"/></Unit>
<Unit filename="apps/common/gSensor/da230.c"><Option compilerVer="CC"/></Unit>
<Unit filename="apps/common/gSensor/gSensor_manage.c"><Option compilerVer="CC"/></Unit>
<Unit filename="apps/common/include/bt_common.h" />
<Unit filename="apps/common/include/norflash.h" />
<Unit filename="apps/common/include/standard_hid.h" />
<Unit filename="apps/common/key/adkey.c"><Option compilerVer="CC"/></Unit>
<Unit filename="apps/common/key/adkey_rtcvdd.c"><Option compilerVer="CC"/></Unit>
<Unit filename="apps/common/key/ctmu_touch_key.c"><Option compilerVer="CC"/></Unit>
<Unit filename="apps/common/key/iokey.c"><Option compilerVer="CC"/></Unit>
<Unit filename="apps/common/key/irkey.c"><Option compilerVer="CC"/></Unit>
<Unit filename="apps/common/key/key_driver.c"><Option compilerVer="CC"/></Unit>
<Unit filename="apps/common/key/rdec_key.c"><Option compilerVer="CC"/></Unit>
<Unit filename="apps/common/key/slidekey.c"><Option compilerVer="CC"/></Unit>
<Unit filename="apps/common/key/touch_key.c"><Option compilerVer="CC"/></Unit>
<Unit filename="apps/common/music/music_decrypt.c"><Option compilerVer="CC"/></Unit>
<Unit filename="apps/common/music/music_decrypt.h" />
<Unit filename="apps/common/music/music_id3.c"><Option compilerVer="CC"/></Unit>
<Unit filename="apps/common/music/music_id3.h" />
<Unit filename="apps/common/norflash/norflash.c"><Option compilerVer="CC"/></Unit>
<Unit filename="apps/common/power_manage/app_power_manage.c"><Option compilerVer="CC"/></Unit>
<Unit filename="apps/common/sine_make.c"><Option compilerVer="CC"/></Unit>
<Unit filename="apps/common/storage_dev/dev_preprocessor.c"><Option compilerVer="CC"/></Unit>
<Unit filename="apps/common/storage_dev/storage_dev.c"><Option compilerVer="CC"/></Unit>
<Unit filename="apps/common/storage_dev/storage_dev.h" />
<Unit filename="apps/common/third_party_profile/JL_rcsp/rcsp_bluetooth.c"><Option compilerVer="CC"/></Unit>
<Unit filename="apps/common/third_party_profile/JL_rcsp/rcsp_bs_api.c"><Option compilerVer="CC"/></Unit>
<Unit filename="apps/common/third_party_profile/JL_rcsp_adv/rcsp_adv_bluetooth.c"><Option compilerVer="CC"/></Unit>
<Unit filename="apps/common/third_party_profile/JL_rcsp_adv/rcsp_adv_setting/adv_bt_name_setting.c"><Option compilerVer="CC"/></Unit>
<Unit filename="apps/common/third_party_profile/JL_rcsp_adv/rcsp_adv_setting/adv_key_setting.c"><Option compilerVer="CC"/></Unit>
<Unit filename="apps/common/third_party_profile/JL_rcsp_adv/rcsp_adv_setting/adv_led_setting.c"><Option compilerVer="CC"/></Unit>
<Unit filename="apps/common/third_party_profile/JL_rcsp_adv/rcsp_adv_setting/adv_mic_setting.c"><Option compilerVer="CC"/></Unit>
<Unit filename="apps/common/third_party_profile/JL_rcsp_adv/rcsp_adv_setting/adv_time_stamp_setting.c"><Option compilerVer="CC"/></Unit>
<Unit filename="apps/common/third_party_profile/JL_rcsp_adv/rcsp_adv_setting/adv_work_setting.c"><Option compilerVer="CC"/></Unit>
<Unit filename="apps/common/third_party_profile/JL_rcsp_adv/rcsp_adv_setting/rcsp_adv_opt.c"><Option compilerVer="CC"/></Unit>
<Unit filename="apps/common/third_party_profile/JL_rcsp_adv/rcsp_adv_setting/rcsp_adv_tws_sync.c"><Option compilerVer="CC"/></Unit>
<Unit filename="apps/common/third_party_profile/JL_rcsp_adv/rcsp_adv_user_update.c"><Option compilerVer="CC"/></Unit>
<Unit filename="apps/common/third_party_profile/common/3th_profile_api.c"><Option compilerVer="CC"/></Unit>
<Unit filename="apps/common/third_party_profile/common/custom_cfg.c"><Option compilerVer="CC"/></Unit>
<Unit filename="apps/common/third_party_profile/dma_deal/dma_deal.c"><Option compilerVer="CC"/></Unit>
<Unit filename="apps/common/third_party_profile/include/JL_rcsp/rcsp_bluetooth.h" />
<Unit filename="apps/common/third_party_profile/include/JL_rcsp/rcsp_msg.h" />
<Unit filename="apps/common/third_party_profile/include/JL_rcsp/rcsp_user_update.h" />
<Unit filename="apps/common/third_party_profile/include/JL_rcsp_adv/btcrypt.h" />
<Unit filename="apps/common/third_party_profile/include/JL_rcsp_adv/rcsp_adv_bluetooth.h" />
<Unit filename="apps/common/third_party_profile/include/JL_rcsp_adv/rcsp_adv_user_update.h" />
<Unit filename="apps/common/third_party_profile/include/common/3th_profile_api.h" />
<Unit filename="apps/common/third_party_profile/include/common/custom_cfg.h" />
<Unit filename="apps/common/third_party_profile/include/dma_deal/dma_deal.h" />
<Unit filename="apps/common/third_party_profile/include/tm_gma_protocol/aes.h" />
<Unit filename="apps/common/third_party_profile/include/tm_gma_protocol/gma.h" />
<Unit filename="apps/common/third_party_profile/include/tm_gma_protocol/gma_include.h" />
<Unit filename="apps/common/third_party_profile/include/tm_gma_protocol/gma_license.h" />
<Unit filename="apps/common/third_party_profile/include/tm_gma_protocol/gws_gma_hw.h" />
<Unit filename="apps/common/third_party_profile/include/tm_gma_protocol/sha256.h" />
<Unit filename="apps/common/third_party_profile/include/tm_gma_protocol/tm_frame_mg.h" />
<Unit filename="apps/common/third_party_profile/include/tm_gma_protocol/tm_gma.h" />
<Unit filename="apps/common/third_party_profile/include/tm_gma_protocol/tm_gma_deal.h" />
<Unit filename="apps/common/third_party_profile/include/tm_gma_protocol/tm_gma_hw_driver.h" />
<Unit filename="apps/common/third_party_profile/include/tm_gma_protocol/tm_gma_type.h" />
<Unit filename="apps/common/third_party_profile/include/tm_gma_protocol/tm_ota.h" />
<Unit filename="apps/common/third_party_profile/include/tm_gma_protocol/tm_tws_ota.h" />
<Unit filename="apps/common/third_party_profile/tm_gma_protocol/tm_frame_mg/tm_frame_mg.c"><Option compilerVer="CC"/></Unit>
<Unit filename="apps/common/third_party_profile/tm_gma_protocol/tm_gma/tm_gma.c"><Option compilerVer="CC"/></Unit>
<Unit filename="apps/common/third_party_profile/tm_gma_protocol/tm_gma_app/gma.c"><Option compilerVer="CC"/></Unit>
<Unit filename="apps/common/third_party_profile/tm_gma_protocol/tm_gma_deal/tm_gma_deal.c"><Option compilerVer="CC"/></Unit>
<Unit filename="apps/common/third_party_profile/tm_gma_protocol/tm_gma_hw_driver/tm_gma_hw_driver.c"><Option compilerVer="CC"/></Unit>
<Unit filename="apps/common/uartPcmSender.c"><Option compilerVer="CC"/></Unit>
<Unit filename="apps/common/ui/ui_api.c"><Option compilerVer="CC"/></Unit>
<Unit filename="apps/common/ui/ui_server.c"><Option compilerVer="CC"/></Unit>
<Unit filename="apps/common/update.c"><Option compilerVer="CC"/></Unit>
<Unit filename="apps/common/usb/device/descriptor.c"><Option compilerVer="CC"/></Unit>
<Unit filename="apps/common/usb/device/hid.c"><Option compilerVer="CC"/></Unit>
<Unit filename="apps/common/usb/device/msd.c"><Option compilerVer="CC"/></Unit>
<Unit filename="apps/common/usb/device/msd_upgrade.c"><Option compilerVer="CC"/></Unit>
<Unit filename="apps/common/usb/device/task_pc.c"><Option compilerVer="CC"/></Unit>
<Unit filename="apps/common/usb/device/uac1.c"><Option compilerVer="CC"/></Unit>
<Unit filename="apps/common/usb/device/uac_stream.c"><Option compilerVer="CC"/></Unit>
<Unit filename="apps/common/usb/device/uac_stream.h" />
<Unit filename="apps/common/usb/device/usb_device.c"><Option compilerVer="CC"/></Unit>
<Unit filename="apps/common/usb/device/user_setup.c"><Option compilerVer="CC"/></Unit>
<Unit filename="apps/common/usb/host/adb.h" />
<Unit filename="apps/common/usb/host/aoa.h" />
<Unit filename="apps/common/usb/host/hid.h" />
<Unit filename="apps/common/usb/host/usb_bulk_transfer.c"><Option compilerVer="CC"/></Unit>
<Unit filename="apps/common/usb/host/usb_bulk_transfer.h" />
<Unit filename="apps/common/usb/host/usb_ctrl_transfer.c"><Option compilerVer="CC"/></Unit>
<Unit filename="apps/common/usb/host/usb_ctrl_transfer.h" />
<Unit filename="apps/common/usb/host/usb_host.c"><Option compilerVer="CC"/></Unit>
<Unit filename="apps/common/usb/host/usb_storage.c"><Option compilerVer="CC"/></Unit>
<Unit filename="apps/common/usb/host/usb_storage.h" />
<Unit filename="apps/common/usb/usb_common_def.h" />
<Unit filename="apps/common/usb/usb_config.c"><Option compilerVer="CC"/></Unit>
<Unit filename="apps/common/usb/usb_config.h" />
<Unit filename="apps/common/usb/usb_host_config.c"><Option compilerVer="CC"/></Unit>
<Unit filename="apps/config/app_config.c"><Option compilerVer="CC"/></Unit>
<Unit filename="apps/config/bt_profile_config.c"><Option compilerVer="CC"/></Unit>
<Unit filename="apps/config/ci_transport_uart.c"><Option compilerVer="CC"/></Unit>
<Unit filename="apps/config/include/bt_profile_cfg.h" />
<Unit filename="apps/config/include/bt_profile_def.h" />
<Unit filename="apps/debug.c"><Option compilerVer="CC"/></Unit>
<Unit filename="apps/soundbox/aec/br23/audio_aec.c"><Option compilerVer="CC"/></Unit>
<Unit filename="apps/soundbox/app_action.c"><Option compilerVer="CC"/></Unit>
<Unit filename="apps/soundbox/app_api/app_debug_api.c"><Option compilerVer="CC"/></Unit>
<Unit filename="apps/soundbox/app_api/dev_multiplex.c"><Option compilerVer="CC"/></Unit>
<Unit filename="apps/soundbox/app_api/vm_api.c"><Option compilerVer="CC"/></Unit>
<Unit filename="apps/soundbox/app_main.c"><Option compilerVer="CC"/></Unit>
<Unit filename="apps/soundbox/board/br23/board_ac6952e_lighter.c"><Option compilerVer="CC"/></Unit>
<Unit filename="apps/soundbox/board/br23/board_ac6952e_lighter_cfg.h" />
<Unit filename="apps/soundbox/board/br23/board_ac6954a_demo.c"><Option compilerVer="CC"/></Unit>
<Unit filename="apps/soundbox/board/br23/board_ac6954a_demo_cfg.h" />
<Unit filename="apps/soundbox/board/br23/board_ac6955f_headset_mono.c"><Option compilerVer="CC"/></Unit>
<Unit filename="apps/soundbox/board/br23/board_ac6955f_headset_mono_cfg.h" />
<Unit filename="apps/soundbox/board/br23/board_ac695x_btemitter.c"><Option compilerVer="CC"/></Unit>
<Unit filename="apps/soundbox/board/br23/board_ac695x_btemitter.h" />
<Unit filename="apps/soundbox/board/br23/board_ac695x_charging_bin.c"><Option compilerVer="CC"/></Unit>
<Unit filename="apps/soundbox/board/br23/board_ac695x_charging_bin.h" />
<Unit filename="apps/soundbox/board/br23/board_ac695x_demo.c"><Option compilerVer="CC"/></Unit>
<Unit filename="apps/soundbox/board/br23/board_ac695x_demo_cfg.h" />
<Unit filename="apps/soundbox/board/br23/board_ac695x_multimedia_charging_bin.c"><Option compilerVer="CC"/></Unit>
<Unit filename="apps/soundbox/board/br23/board_ac695x_multimedia_charging_bin.h" />
<Unit filename="apps/soundbox/board/br23/board_ac695x_soundcard.c"><Option compilerVer="CC"/></Unit>
<Unit filename="apps/soundbox/board/br23/board_ac695x_soundcard.h" />
<Unit filename="apps/soundbox/board/br23/board_ac695x_tws.c"><Option compilerVer="CC"/></Unit>
<Unit filename="apps/soundbox/board/br23/board_ac695x_tws.h" />
<Unit filename="apps/soundbox/board/br23/board_ac695x_tws_box.c"><Option compilerVer="CC"/></Unit>
<Unit filename="apps/soundbox/board/br23/board_ac695x_tws_box.h" />
<Unit filename="apps/soundbox/board/br23/board_config.h" />
<Unit filename="apps/soundbox/board/br23/irq_config.c"><Option compilerVer="CC"/></Unit>
<Unit filename="apps/soundbox/bt/bt.c"><Option compilerVer="CC"/></Unit>
<Unit filename="apps/soundbox/bt/bt_ble.c"><Option compilerVer="CC"/></Unit>
<Unit filename="apps/soundbox/bt/bt_decode.c"><Option compilerVer="CC"/></Unit>
<Unit filename="apps/soundbox/bt/bt_emitter.c"><Option compilerVer="CC"/></Unit>
<Unit filename="apps/soundbox/bt/bt_key.c"><Option compilerVer="CC"/></Unit>
<Unit filename="apps/soundbox/bt/bt_led7_ui.c"><Option compilerVer="CC"/></Unit>
<Unit filename="apps/soundbox/bt/bt_tws.c"><Option compilerVer="CC"/></Unit>
<Unit filename="apps/soundbox/bt/key/ac6952e_lighter_bt_key.c"><Option compilerVer="CC"/></Unit>
<Unit filename="apps/soundbox/bt/key/ac695x_charging_bin_bt_key.c"><Option compilerVer="CC"/></Unit>
<Unit filename="apps/soundbox/bt/key/ac695x_soundcard_bt_key.c"><Option compilerVer="CC"/></Unit>
<Unit filename="apps/soundbox/bt/key/ac695x_ui_charging_bt_key.c"><Option compilerVer="CC"/></Unit>
<Unit filename="apps/soundbox/bt/key/ac695x_ui_demo_bt_key.c"><Option compilerVer="CC"/></Unit>
<Unit filename="apps/soundbox/bt/key/ac6969d_demo_bt_key.c"><Option compilerVer="CC"/></Unit>
<Unit filename="apps/soundbox/bt/key/ac696x_demo_bt_key.c"><Option compilerVer="CC"/></Unit>
<Unit filename="apps/soundbox/bt/key/ac696x_lighter_bt_key.c"><Option compilerVer="CC"/></Unit>
<Unit filename="apps/soundbox/bt/key_event_deal.c"><Option compilerVer="CC"/></Unit>
<Unit filename="apps/soundbox/bt/media_sync.c"><Option compilerVer="CC"/></Unit>
<Unit filename="apps/soundbox/bt/vol_sync.c"><Option compilerVer="CC"/></Unit>
<Unit filename="apps/soundbox/charge_box/box.c"><Option compilerVer="CC"/></Unit>
<Unit filename="apps/soundbox/charge_box/box_key.c"><Option compilerVer="CC"/></Unit>
<Unit filename="apps/soundbox/charge_box/chargeIc_manage.c"><Option compilerVer="CC"/></Unit>
<Unit filename="apps/soundbox/charge_box/charge_box.c"><Option compilerVer="CC"/></Unit>
<Unit filename="apps/soundbox/charge_box/charge_box_ui.c"><Option compilerVer="CC"/></Unit>
<Unit filename="apps/soundbox/charge_box/charge_ctrl.c"><Option compilerVer="CC"/></Unit>
<Unit filename="apps/soundbox/charge_box/charge_det.c"><Option compilerVer="CC"/></Unit>
<Unit filename="apps/soundbox/charge_box/ic_self.c"><Option compilerVer="CC"/></Unit>
<Unit filename="apps/soundbox/charge_box/wireless.c"><Option compilerVer="CC"/></Unit>
<Unit filename="apps/soundbox/common/app_common.c"><Option compilerVer="CC"/></Unit>
<Unit filename="apps/soundbox/common/app_common_key.c"><Option compilerVer="CC"/></Unit>
<Unit filename="apps/soundbox/common/fm_emitter_led7_ui.c"><Option compilerVer="CC"/></Unit>
<Unit filename="apps/soundbox/common/key/ac6952e_lighter_app_common_key.c"><Option compilerVer="CC"/></Unit>
<Unit filename="apps/soundbox/common/key/ac695x_charging_bin_app_common_key.c"><Option compilerVer="CC"/></Unit>
<Unit filename="apps/soundbox/common/key/ac695x_soundcard_app_common_key.c"><Option compilerVer="CC"/></Unit>
<Unit filename="apps/soundbox/common/key/ac695x_ui_charging_app_common_key.c"><Option compilerVer="CC"/></Unit>
<Unit filename="apps/soundbox/common/key/ac695x_ui_demo_app_common_key.c"><Option compilerVer="CC"/></Unit>
<Unit filename="apps/soundbox/common/key/ac6969d_demo_app_common_key.c"><Option compilerVer="CC"/></Unit>
<Unit filename="apps/soundbox/common/key/ac696x_demo_app_common_key.c"><Option compilerVer="CC"/></Unit>
<Unit filename="apps/soundbox/common/key/ac696x_lighter_app_common_key.c"><Option compilerVer="CC"/></Unit>
<Unit filename="apps/soundbox/common/power_off.c"><Option compilerVer="CC"/></Unit>
<Unit filename="apps/soundbox/common/power_on.c"><Option compilerVer="CC"/></Unit>
<Unit filename="apps/soundbox/dev_manager.c"><Option compilerVer="CC"/></Unit>
<Unit filename="apps/soundbox/fm/fm.c"><Option compilerVer="CC"/></Unit>
<Unit filename="apps/soundbox/fm/fm_key.c"><Option compilerVer="CC"/></Unit>
<Unit filename="apps/soundbox/fm/fm_led7_ui.c"><Option compilerVer="CC"/></Unit>
<Unit filename="apps/soundbox/fm/fm_rw.c"><Option compilerVer="CC"/></Unit>
<Unit filename="apps/soundbox/fm/fm_rw.h" />
<Unit filename="apps/soundbox/fm/fm_server.c"><Option compilerVer="CC"/></Unit>
<Unit filename="apps/soundbox/fm/fm_server.h" />
<Unit filename="apps/soundbox/fm/key/ac695x_ui_charging_fm_key.c"><Option compilerVer="CC"/></Unit>
<Unit filename="apps/soundbox/fm/key/ac6969d_demo_fm_key.c"><Option compilerVer="CC"/></Unit>
<Unit filename="apps/soundbox/fm/key/ac696x_demo_fm_key.c"><Option compilerVer="CC"/></Unit>
<Unit filename="apps/soundbox/fs_test.c"><Option compilerVer="CC"/></Unit>
<Unit filename="apps/soundbox/idle.c"><Option compilerVer="CC"/></Unit>
<Unit filename="apps/soundbox/include/aec_user.h" />
<Unit filename="apps/soundbox/include/app_action.h" />
<Unit filename="apps/soundbox/include/app_api/app_debug_api.h" />
<Unit filename="apps/soundbox/include/app_api/dev_multiplex.h" />
<Unit filename="apps/soundbox/include/app_api/vm_api.h" />
<Unit filename="apps/soundbox/include/app_config.h" />
<Unit filename="apps/soundbox/include/app_main.h" />
<Unit filename="apps/soundbox/include/app_online_cfg.h" />
<Unit filename="apps/soundbox/include/app_power_manage.h" />
<Unit filename="apps/soundbox/include/bt_ble.h" />
<Unit filename="apps/soundbox/include/bt_tws.h" />
<Unit filename="apps/soundbox/include/charge_box/chargeIc_manage.h" />
<Unit filename="apps/soundbox/include/charge_box/charge_box.h" />
<Unit filename="apps/soundbox/include/charge_box/charge_box_ui.h" />
<Unit filename="apps/soundbox/include/charge_box/charge_ctrl.h" />
<Unit filename="apps/soundbox/include/charge_box/charge_det.h" />
<Unit filename="apps/soundbox/include/charge_box/ic_self.h" />
<Unit filename="apps/soundbox/include/charge_box/wireless.h" />
<Unit filename="apps/soundbox/include/common/Resample_api.h" />
<Unit filename="apps/soundbox/include/common/app_common.h" />
<Unit filename="apps/soundbox/include/common/fm_emitter_led7_ui.h" />
<Unit filename="apps/soundbox/include/common/power_off.h" />
<Unit filename="apps/soundbox/include/common/user_msg.h" />
<Unit filename="apps/soundbox/include/dev_manager.h" />
<Unit filename="apps/soundbox/include/fm/fm.h" />
<Unit filename="apps/soundbox/include/fm/fm_manage.h" />
<Unit filename="apps/soundbox/include/fm_emitter/fm_emitter_manage.h" />
<Unit filename="apps/soundbox/include/gSensor/EPMotion.h" />
<Unit filename="apps/soundbox/include/gSensor/SC7A20.h" />
<Unit filename="apps/soundbox/include/gSensor/da230.h" />
<Unit filename="apps/soundbox/include/gSensor/gSensor_manage.h" />
<Unit filename="apps/soundbox/include/gSensor/mira_std.h" />
<Unit filename="apps/soundbox/include/key_event_deal.h" />
<Unit filename="apps/soundbox/include/linein/linein.h" />
<Unit filename="apps/soundbox/include/linein/linein_dev.h" />
<Unit filename="apps/soundbox/include/music/music.h" />
<Unit filename="apps/soundbox/include/music/music_player.h" />
<Unit filename="apps/soundbox/include/music/music_player_api.h" />
<Unit filename="apps/soundbox/include/music/music_ui.h" />
<Unit filename="apps/soundbox/include/pc/pc.h" />
<Unit filename="apps/soundbox/include/pc/usb_msd.h" />
<Unit filename="apps/soundbox/include/record/record.h" />
<Unit filename="apps/soundbox/include/soundcard/lamp.h" />
<Unit filename="apps/soundbox/include/soundcard/notice.h" />
<Unit filename="apps/soundbox/include/soundcard/peripheral.h" />
<Unit filename="apps/soundbox/include/soundcard/soundcard.h" />
<Unit filename="apps/soundbox/include/spdif/hdmi_cec.h" />
<Unit filename="apps/soundbox/include/spdif/hdmi_cec_api.h" />
<Unit filename="apps/soundbox/include/tone_player.h" />
<Unit filename="apps/soundbox/include/ui/lcd_seg/lcd_seg3x9_driver.h" />
<Unit filename="apps/soundbox/include/ui/lcd_spi/lcd_drive.h" />
<Unit filename="apps/soundbox/include/ui/led7/led7_driver.h" />
<Unit filename="apps/soundbox/include/ui/ui_api.h" />
<Unit filename="apps/soundbox/include/ui/ui_common.h" />
<Unit filename="apps/soundbox/include/ui_manage.h" />
<Unit filename="apps/soundbox/include/vol_sync.h" />
<Unit filename="apps/soundbox/linein/key/ac6969d_demo_linein_key.c"><Option compilerVer="CC"/></Unit>
<Unit filename="apps/soundbox/linein/key/ac696x_demo_linein_key.c"><Option compilerVer="CC"/></Unit>
<Unit filename="apps/soundbox/linein/key/ac696x_lighter_linein_key.c"><Option compilerVer="CC"/></Unit>
<Unit filename="apps/soundbox/linein/linein.c"><Option compilerVer="CC"/></Unit>
<Unit filename="apps/soundbox/linein/linein_dev.c"><Option compilerVer="CC"/></Unit>
<Unit filename="apps/soundbox/linein/linein_key.c"><Option compilerVer="CC"/></Unit>
<Unit filename="apps/soundbox/linein/linein_led7_ui.c"><Option compilerVer="CC"/></Unit>
<Unit filename="apps/soundbox/log_config/app_config.c"><Option compilerVer="CC"/></Unit>
<Unit filename="apps/soundbox/log_config/lib_btctrler_config.c"><Option compilerVer="CC"/></Unit>
<Unit filename="apps/soundbox/log_config/lib_driver_config.c"><Option compilerVer="CC"/></Unit>
<Unit filename="apps/soundbox/log_config/lib_system_config.c"><Option compilerVer="CC"/></Unit>
<Unit filename="apps/soundbox/log_config/lib_update_config.c"><Option compilerVer="CC"/></Unit>
<Unit filename="apps/soundbox/music/key/ac695x_ui_charging_music_key.c"><Option compilerVer="CC"/></Unit>
<Unit filename="apps/soundbox/music/key/ac695x_ui_demo_music_key.c"><Option compilerVer="CC"/></Unit>
<Unit filename="apps/soundbox/music/key/ac6969d_demo_music_key.c"><Option compilerVer="CC"/></Unit>
<Unit filename="apps/soundbox/music/key/ac696x_demo_music_key.c"><Option compilerVer="CC"/></Unit>
<Unit filename="apps/soundbox/music/key/ac696x_lighter_music_key.c"><Option compilerVer="CC"/></Unit>
<Unit filename="apps/soundbox/music/music.c"><Option compilerVer="CC"/></Unit>
<Unit filename="apps/soundbox/music/music_key.c"><Option compilerVer="CC"/></Unit>
<Unit filename="apps/soundbox/music/music_led7_ui.c"><Option compilerVer="CC"/></Unit>
<Unit filename="apps/soundbox/music/music_player.c"><Option compilerVer="CC"/></Unit>
<Unit filename="apps/soundbox/music/music_player_api.c"><Option compilerVer="CC"/></Unit>
<Unit filename="apps/soundbox/pc/key/ac695x_soundcard_pc_key.c"><Option compilerVer="CC"/></Unit>
<Unit filename="apps/soundbox/pc/key/ac6969d_demo_pc_key.c"><Option compilerVer="CC"/></Unit>
<Unit filename="apps/soundbox/pc/key/ac696x_demo_pc_key.c"><Option compilerVer="CC"/></Unit>
<Unit filename="apps/soundbox/pc/pc.c"><Option compilerVer="CC"/></Unit>
<Unit filename="apps/soundbox/pc/pc_key.c"><Option compilerVer="CC"/></Unit>
<Unit filename="apps/soundbox/pc/pc_led7_ui.c"><Option compilerVer="CC"/></Unit>
<Unit filename="apps/soundbox/pc/usb_audio.c"><Option compilerVer="CC"/></Unit>
<Unit filename="apps/soundbox/record/key/ac6969d_demo_record_key.c"><Option compilerVer="CC"/></Unit>
<Unit filename="apps/soundbox/record/key/ac696x_demo_record_key.c"><Option compilerVer="CC"/></Unit>
<Unit filename="apps/soundbox/record/key/ac696x_lighter_record_key.c"><Option compilerVer="CC"/></Unit>
<Unit filename="apps/soundbox/record/record.c"><Option compilerVer="CC"/></Unit>
<Unit filename="apps/soundbox/record/record_key.c"><Option compilerVer="CC"/></Unit>
<Unit filename="apps/soundbox/record/record_led7_ui.c"><Option compilerVer="CC"/></Unit>
<Unit filename="apps/soundbox/rtc/alarm.c"><Option compilerVer="CC"/></Unit>
<Unit filename="apps/soundbox/rtc/alarm.h" />
<Unit filename="apps/soundbox/rtc/rtc.c"><Option compilerVer="CC"/></Unit>
<Unit filename="apps/soundbox/rtc/rtc_key.c"><Option compilerVer="CC"/></Unit>
<Unit filename="apps/soundbox/rtc/rtc_led7_ui.c"><Option compilerVer="CC"/></Unit>
<Unit filename="apps/soundbox/soundcard/lamp.c"><Option compilerVer="CC"/></Unit>
<Unit filename="apps/soundbox/soundcard/notice.c"><Option compilerVer="CC"/></Unit>
<Unit filename="apps/soundbox/soundcard/peripheral.c"><Option compilerVer="CC"/></Unit>
<Unit filename="apps/soundbox/soundcard/soundcard.c"><Option compilerVer="CC"/></Unit>
<Unit filename="apps/soundbox/spdif/hdmi_cec_drv.c"><Option compilerVer="CC"/></Unit>
<Unit filename="apps/soundbox/spdif/key/ac6969d_demo_spdif_key.c"><Option compilerVer="CC"/></Unit>
<Unit filename="apps/soundbox/spdif/key/ac696x_demo_spdif_key.c"><Option compilerVer="CC"/></Unit>
<Unit filename="apps/soundbox/spdif/spdif.c"><Option compilerVer="CC"/></Unit>
<Unit filename="apps/soundbox/spdif/spdif_key.c"><Option compilerVer="CC"/></Unit>
<Unit filename="apps/soundbox/ui_manage.c"><Option compilerVer="CC"/></Unit>
<Unit filename="apps/soundbox/user_cfg.c"><Option compilerVer="CC"/></Unit>
<Unit filename="apps/soundbox/version.c"><Option compilerVer="CC"/></Unit>
<Unit filename="cpu/br23/adc_api.c"><Option compilerVer="CC"/></Unit>
<Unit filename="cpu/br23/app_timer.c"><Option compilerVer="CC"/></Unit>
<Unit filename="cpu/br23/audio_common/app_audio.c"><Option compilerVer="CC"/></Unit>
<Unit filename="cpu/br23/audio_common/audio_link.c"><Option compilerVer="CC"/></Unit>
<Unit filename="cpu/br23/audio_common/audio_link.h" />
<Unit filename="cpu/br23/audio_config.h" />
<Unit filename="cpu/br23/audio_dec/audio_dec.c"><Option compilerVer="CC"/></Unit>
<Unit filename="cpu/br23/audio_dec/audio_dec.h" />
<Unit filename="cpu/br23/audio_dec/audio_dec_board_cfg.h" />
<Unit filename="cpu/br23/audio_dec/audio_dec_file.c"><Option compilerVer="CC"/></Unit>
<Unit filename="cpu/br23/audio_dec/audio_dec_file.h" />
<Unit filename="cpu/br23/audio_dec/audio_dec_fm.c"><Option compilerVer="CC"/></Unit>
<Unit filename="cpu/br23/audio_dec/audio_dec_fm.h" />
<Unit filename="cpu/br23/audio_dec/audio_dec_linein.c"><Option compilerVer="CC"/></Unit>
<Unit filename="cpu/br23/audio_dec/audio_dec_linein.h" />
<Unit filename="cpu/br23/audio_dec/audio_dec_local_tws.c"><Option compilerVer="CC"/></Unit>
<Unit filename="cpu/br23/audio_dec/audio_dec_local_tws.h" />
<Unit filename="cpu/br23/audio_dec/audio_dec_pc.c"><Option compilerVer="CC"/></Unit>
<Unit filename="cpu/br23/audio_dec/audio_dec_pc.h" />
<Unit filename="cpu/br23/audio_dec/audio_dec_spdif.c"><Option compilerVer="CC"/></Unit>
<Unit filename="cpu/br23/audio_dec/audio_dec_spdif.h" />
<Unit filename="cpu/br23/audio_dec/audio_mix_splicing.c"><Option compilerVer="CC"/></Unit>
<Unit filename="cpu/br23/audio_dec/audio_mix_splicing.h" />
<Unit filename="cpu/br23/audio_dec/audio_sync.c"><Option compilerVer="CC"/></Unit>
<Unit filename="cpu/br23/audio_dec/audio_usb_mic.c"><Option compilerVer="CC"/></Unit>
<Unit filename="cpu/br23/audio_dec/tone_player.c"><Option compilerVer="CC"/></Unit>
<Unit filename="cpu/br23/audio_effect/audio_drc.c"><Option compilerVer="CC"/></Unit>
<Unit filename="cpu/br23/audio_effect/audio_drc.h" />
<Unit filename="cpu/br23/audio_effect/audio_eq.c"><Option compilerVer="CC"/></Unit>
<Unit filename="cpu/br23/audio_effect/audio_eq.h" />
<Unit filename="cpu/br23/audio_effect/audio_eq_tab.h" />
<Unit filename="cpu/br23/audio_effect/audio_pitch.c"><Option compilerVer="CC"/></Unit>
<Unit filename="cpu/br23/audio_effect/audio_pitch.h" />
<Unit filename="cpu/br23/audio_effect/audio_reverb.c"><Option compilerVer="CC"/></Unit>
<Unit filename="cpu/br23/audio_effect/audio_reverb.h" />
<Unit filename="cpu/br23/audio_effect/effects_config.c"><Option compilerVer="CC"/></Unit>
<Unit filename="cpu/br23/audio_effect/effects_config.h" />
<Unit filename="cpu/br23/audio_effect/effects_default_config.c"><Option compilerVer="CC"/></Unit>
<Unit filename="cpu/br23/audio_effect/effects_default_config.h" />
<Unit filename="cpu/br23/audio_effect/eq_config.c"><Option compilerVer="CC"/></Unit>
<Unit filename="cpu/br23/audio_effect/filtparm_api.h" />
<Unit filename="cpu/br23/audio_enc/audio_adc_demo.c"><Option compilerVer="CC"/></Unit>
<Unit filename="cpu/br23/audio_enc/audio_enc.c"><Option compilerVer="CC"/></Unit>
<Unit filename="cpu/br23/audio_enc/audio_enc.h" />
<Unit filename="cpu/br23/audio_enc/audio_enc_file.c"><Option compilerVer="CC"/></Unit>
<Unit filename="cpu/br23/audio_enc/audio_enc_file.h" />
<Unit filename="cpu/br23/audio_enc/audio_enc_recoder.c"><Option compilerVer="CC"/></Unit>
<Unit filename="cpu/br23/audio_enc/audio_enc_recoder.h" />
<Unit filename="cpu/br23/audio_enc/audio_enc_tws.c"><Option compilerVer="CC"/></Unit>
<Unit filename="cpu/br23/audio_enc/audio_enc_tws.h" />
<Unit filename="cpu/br23/audio_enc/audio_mic_codec.c"><Option compilerVer="CC"/></Unit>
<Unit filename="cpu/br23/audio_enc/audio_sbc_codec.c"><Option compilerVer="CC"/></Unit>
<Unit filename="cpu/br23/audio_mic/digital_vol.c"><Option compilerVer="CC"/></Unit>
<Unit filename="cpu/br23/audio_mic/digital_vol.h" />
<Unit filename="cpu/br23/audio_mic/echo/echo.c"><Option compilerVer="CC"/></Unit>
<Unit filename="cpu/br23/audio_mic/echo/echo.h" />
<Unit filename="cpu/br23/audio_mic/echo/echo_config.c"><Option compilerVer="CC"/></Unit>
<Unit filename="cpu/br23/audio_mic/echo/echo_config.h" />
<Unit filename="cpu/br23/audio_mic/mic_stream.c"><Option compilerVer="CC"/></Unit>
<Unit filename="cpu/br23/audio_mic/mic_stream.h" />
<Unit filename="cpu/br23/audio_mic/reverb/reverb.c"><Option compilerVer="CC"/></Unit>
<Unit filename="cpu/br23/audio_mic/reverb/reverb.h" />
<Unit filename="cpu/br23/audio_mic/reverb/reverb_config.c"><Option compilerVer="CC"/></Unit>
<Unit filename="cpu/br23/audio_mic/reverb/reverb_config.h" />
<Unit filename="cpu/br23/audio_mic/reverb/reverb_debug.c"><Option compilerVer="CC"/></Unit>
<Unit filename="cpu/br23/audio_mic/reverb/reverb_debug.h" />
<Unit filename="cpu/br23/charge.c"><Option compilerVer="CC"/></Unit>
<Unit filename="cpu/br23/chargebox_hw.c"><Option compilerVer="CC"/></Unit>
<Unit filename="cpu/br23/chargestore.c"><Option compilerVer="CC"/></Unit>
<Unit filename="cpu/br23/clock_cfg.h" />
<Unit filename="cpu/br23/clock_manager.c"><Option compilerVer="CC"/></Unit>
<Unit filename="cpu/br23/ctmu.c"><Option compilerVer="CC"/></Unit>
<Unit filename="cpu/br23/font/fontinit.c"><Option compilerVer="CC"/></Unit>
<Unit filename="cpu/br23/iic_eeprom_test.c"><Option compilerVer="CC"/></Unit>
<Unit filename="cpu/br23/iic_hw.c"><Option compilerVer="CC"/></Unit>
<Unit filename="cpu/br23/iic_slave_test.c"><Option compilerVer="CC"/></Unit>
<Unit filename="cpu/br23/iic_soft.c"><Option compilerVer="CC"/></Unit>
<Unit filename="cpu/br23/irflt.c"><Option compilerVer="CC"/></Unit>
<Unit filename="cpu/br23/mcpwm.c"><Option compilerVer="CC"/></Unit>
<Unit filename="cpu/br23/overlay_code.c"><Option compilerVer="CC"/></Unit>
<Unit filename="cpu/br23/overlay_code.h" />
<Unit filename="cpu/br23/plcnt.c"><Option compilerVer="CC"/></Unit>
<Unit filename="cpu/br23/port_wkup.c"><Option compilerVer="CC"/></Unit>
<Unit filename="cpu/br23/pwm_led.c"><Option compilerVer="CC"/></Unit>
<Unit filename="cpu/br23/setup.c"><Option compilerVer="CC"/></Unit>
<Unit filename="cpu/br23/spi.c"><Option compilerVer="CC"/></Unit>
<Unit filename="cpu/br23/spi_test.c"><Option compilerVer="CC"/></Unit>
<Unit filename="cpu/br23/uart_dev.c"><Option compilerVer="CC"/></Unit>
<Unit filename="cpu/br23/uart_test.c"><Option compilerVer="CC"/></Unit>
<Unit filename="cpu/br23/ui_action/STYLE_02/bt_action.c"><Option compilerVer="CC"/></Unit>
<Unit filename="cpu/br23/ui_action/STYLE_02/fm_action.c"><Option compilerVer="CC"/></Unit>
<Unit filename="cpu/br23/ui_action/STYLE_02/main_action.c"><Option compilerVer="CC"/></Unit>
<Unit filename="cpu/br23/ui_driver/LED_1888/LED1888.c"><Option compilerVer="CC"/></Unit>
<Unit filename="cpu/br23/ui_driver/LED_1888/LED1888.h" />
<Unit filename="cpu/br23/ui_driver/interface/ui_platform.c"><Option compilerVer="CC"/></Unit>
<Unit filename="cpu/br23/ui_driver/lcd_seg/lcd_seg3x9_driver.c"><Option compilerVer="CC"/></Unit>
<Unit filename="cpu/br23/ui_driver/lcd_seg/lcd_seg3x9_driver_cfg.h" />
<Unit filename="cpu/br23/ui_driver/lcd_spi/lcd_drive.c"><Option compilerVer="CC"/></Unit>
<Unit filename="cpu/br23/ui_driver/lcd_spi/spi_lcd_st7735s.c"><Option compilerVer="CC"/></Unit>
<Unit filename="cpu/br23/ui_driver/lcd_spi/spi_lcd_st7789v.c"><Option compilerVer="CC"/></Unit>
<Unit filename="cpu/br23/ui_driver/lcd_spi/spi_lcd_st7789vw.c"><Option compilerVer="CC"/></Unit>
<Unit filename="cpu/br23/ui_driver/lcd_spi/spi_oled.c"><Option compilerVer="CC"/></Unit>
<Unit filename="cpu/br23/ui_driver/led7/led7_driver.c"><Option compilerVer="CC"/></Unit>
<Unit filename="cpu/br23/ui_driver/led7/led7_driver_cfg.h" />
<Unit filename="cpu/br23/ui_driver/oled/oled.h" />
<Unit filename="cpu/br23/ui_driver/ui_common.c"><Option compilerVer="CC"/></Unit>
<Unit filename="include_lib/ai_stack/JL_rcsp/JL_rcsp_api.h" />
<Unit filename="include_lib/ai_stack/JL_rcsp/JL_rcsp_packet.h" />
<Unit filename="include_lib/ai_stack/JL_rcsp/JL_rcsp_protocol.h" />
<Unit filename="include_lib/btctrler/ble/ll_config.h" />
<Unit filename="include_lib/btctrler/btcontroller_mode.h" />
<Unit filename="include_lib/btctrler/btcontroller_modules.h" />
<Unit filename="include_lib/btctrler/btctrler_task.h" />
<Unit filename="include_lib/btctrler/classic/lmp_config.h" />
<Unit filename="include_lib/btctrler/classic/tws_api.h" />
<Unit filename="include_lib/btctrler/classic/tws_event.h" />
<Unit filename="include_lib/btctrler/classic/tws_local_media_sync.h" />
<Unit filename="include_lib/btctrler/hci_transport.h" />
<Unit filename="include_lib/btctrler/lmp_api.h" />
<Unit filename="include_lib/btctrler/port/br23/btcontroller_config.h" />
<Unit filename="include_lib/btstack/avctp_user.h" />
<Unit filename="include_lib/btstack/ble_api.h" />
<Unit filename="include_lib/btstack/ble_data_types.h" />
<Unit filename="include_lib/btstack/bluetooth.h" />
<Unit filename="include_lib/btstack/bt_profile_config.h" />
<Unit filename="include_lib/btstack/btstack_task.h" />
<Unit filename="include_lib/btstack/dma_protobuf.h" />
<Unit filename="include_lib/btstack/dueros_dma.h" />
<Unit filename="include_lib/btstack/dueros_dma_pb.h" />
<Unit filename="include_lib/btstack/dueros_platform.h" />
<Unit filename="include_lib/btstack/frame_queque.h" />
<Unit filename="include_lib/btstack/le_user.h" />
<Unit filename="include_lib/driver/cpu/br23/asm/adc_api.h" />
<Unit filename="include_lib/driver/cpu/br23/asm/br23.h" />
<Unit filename="include_lib/driver/cpu/br23/asm/charge.h" />
<Unit filename="include_lib/driver/cpu/br23/asm/chargestore.h" />
<Unit filename="include_lib/driver/cpu/br23/asm/clock.h" />
<Unit filename="include_lib/driver/cpu/br23/asm/clock_hw.h" />
<Unit filename="include_lib/driver/cpu/br23/asm/cpu.h" />
<Unit filename="include_lib/driver/cpu/br23/asm/crc16.h" />
<Unit filename="include_lib/driver/cpu/br23/asm/csfr.h" />
<Unit filename="include_lib/driver/cpu/br23/asm/ctmu.h" />
<Unit filename="include_lib/driver/cpu/br23/asm/debug.h" />
<Unit filename="include_lib/driver/cpu/br23/asm/efuse.h" />
<Unit filename="include_lib/driver/cpu/br23/asm/fm_inside_api.h" />
<Unit filename="include_lib/driver/cpu/br23/asm/gpio.h" />
<Unit filename="include_lib/driver/cpu/br23/asm/hwi.h" />
<Unit filename="include_lib/driver/cpu/br23/asm/iic_hw.h" />
<Unit filename="include_lib/driver/cpu/br23/asm/iic_soft.h" />
<Unit filename="include_lib/driver/cpu/br23/asm/iis.h" />
<Unit filename="include_lib/driver/cpu/br23/asm/includes.h" />
<Unit filename="include_lib/driver/cpu/br23/asm/irflt.h" />
<Unit filename="include_lib/driver/cpu/br23/asm/irq.h" />
<Unit filename="include_lib/driver/cpu/br23/asm/mcpwm.h" />
<Unit filename="include_lib/driver/cpu/br23/asm/plcnt.h" />
<Unit filename="include_lib/driver/cpu/br23/asm/power/p33.h" />
<Unit filename="include_lib/driver/cpu/br23/asm/power_interface.h" />
<Unit filename="include_lib/driver/cpu/br23/asm/pwm_led.h" />
<Unit filename="include_lib/driver/cpu/br23/asm/rdec.h" />
<Unit filename="include_lib/driver/cpu/br23/asm/rtc.h" />
<Unit filename="include_lib/driver/cpu/br23/asm/sdmmc.h" />
<Unit filename="include_lib/driver/cpu/br23/asm/spi.h" />
<Unit filename="include_lib/driver/cpu/br23/asm/spiflash.h" />
<Unit filename="include_lib/driver/cpu/br23/asm/uart.h" />
<Unit filename="include_lib/driver/cpu/br23/asm/uart_dev.h" />
<Unit filename="include_lib/driver/cpu/br23/asm/usb.h" />
<Unit filename="include_lib/driver/cpu/br23/asm/wdt.h" />
<Unit filename="include_lib/driver/device/chargebox.h" />
<Unit filename="include_lib/driver/device/sdio_host_init.h" />
<Unit filename="include_lib/driver/device/sdmmc.h" />
<Unit filename="include_lib/driver/device/spiflash.h" />
<Unit filename="include_lib/driver/device/uart.h" />
<Unit filename="include_lib/driver/device/usb/ch9.h" />
<Unit filename="include_lib/driver/device/usb/device/descriptor.h" />
<Unit filename="include_lib/driver/device/usb/device/hid.h" />
<Unit filename="include_lib/driver/device/usb/device/msd.h" />
<Unit filename="include_lib/driver/device/usb/device/uac_audio.h" />
<Unit filename="include_lib/driver/device/usb/device/usb_stack.h" />
<Unit filename="include_lib/driver/device/usb/host/usb_host.h" />
<Unit filename="include_lib/driver/device/usb/otg.h" />
<Unit filename="include_lib/driver/device/usb/scsi.h" />
<Unit filename="include_lib/driver/device/usb/usb_phy.h" />
<Unit filename="include_lib/driver/device/wireless_charge.h" />
<Unit filename="include_lib/media/media_new/media/MIDI_DEC_API.h" />
<Unit filename="include_lib/media/media_new/media/PLC.h" />
<Unit filename="include_lib/media/media_new/media/audio_base.h" />
<Unit filename="include_lib/media/media_new/media/audio_decoder.h" />
<Unit filename="include_lib/media/media_new/media/audio_encoder.h" />
<Unit filename="include_lib/media/media_new/media/automute.h" />
<Unit filename="include_lib/media/media_new/media/cpu/br23/asm/QuasiFloat.h" />
<Unit filename="include_lib/media/media_new/media/cpu/br23/asm/audio_adc.h" />
<Unit filename="include_lib/media/media_new/media/cpu/br23/asm/audio_iis.h" />
<Unit filename="include_lib/media/media_new/media/cpu/br23/asm/audio_linein.h" />
<Unit filename="include_lib/media/media_new/media/cpu/br23/asm/audio_spdif.h" />
<Unit filename="include_lib/media/media_new/media/cpu/br23/asm/audio_src.h" />
<Unit filename="include_lib/media/media_new/media/cpu/br23/asm/audio_sync.h" />
<Unit filename="include_lib/media/media_new/media/cpu/br23/asm/cpu_includes.h" />
<Unit filename="include_lib/media/media_new/media/cpu/br23/asm/dac.h" />
<Unit filename="include_lib/media/media_new/media/cpu/br23/asm/howling_api.h" />
<Unit filename="include_lib/media/media_new/media/cpu/br23/asm/hw_eq.h" />
<Unit filename="include_lib/media/media_new/media/cpu/br23/asm/noisegate.h" />
<Unit filename="include_lib/media/media_new/media/cpu/br23/asm/sw_drc.h" />
<Unit filename="include_lib/media/media_new/media/cpu/br23/commproc.h" />
<Unit filename="include_lib/media/media_new/media/cpu/br23/mono2stereo/reverb_mono2stero_api.h" />
<Unit filename="include_lib/media/media_new/media/cpu/br23/pitchshifter/pitchshifter_api.h" />
<Unit filename="include_lib/media/media_new/media/cpu/br23/reverb/reverb_api.h" />
<Unit filename="include_lib/media/media_new/media/effectrs_sync.h" />
<Unit filename="include_lib/media/media_new/media/includes.h" />
<Unit filename="include_lib/media/media_new/media/limiter_noiseGate_api.h" />
<Unit filename="include_lib/media/media_new/media/mixer.h" />
<Unit filename="include_lib/media/media_new/media/sbc_enc.h" />
<Unit filename="include_lib/system/app_core.h" />
<Unit filename="include_lib/system/bank_switch.h" />
<Unit filename="include_lib/system/config/config_interface.h" />
<Unit filename="include_lib/system/config/config_target.h" />
<Unit filename="include_lib/system/config/config_transport.h" />
<Unit filename="include_lib/system/crypto_toolbox/Crypto_hash.h" />
<Unit filename="include_lib/system/crypto_toolbox/aes_cmac.h" />
<Unit filename="include_lib/system/crypto_toolbox/bigint.h" />
<Unit filename="include_lib/system/crypto_toolbox/bigint_impl.h" />
<Unit filename="include_lib/system/crypto_toolbox/crypto.h" />
<Unit filename="include_lib/system/crypto_toolbox/ecdh.h" />
<Unit filename="include_lib/system/crypto_toolbox/endian.h" />
<Unit filename="include_lib/system/crypto_toolbox/hmac.h" />
<Unit filename="include_lib/system/crypto_toolbox/micro-ecc/uECC.h" />
<Unit filename="include_lib/system/crypto_toolbox/rijndael.h" />
<Unit filename="include_lib/system/crypto_toolbox/sha256.h" />
<Unit filename="include_lib/system/database.h" />
<Unit filename="include_lib/system/debug.h" />
<Unit filename="include_lib/system/device/adkey.h" />
<Unit filename="include_lib/system/device/device.h" />
<Unit filename="include_lib/system/device/device_drive.h" />
<Unit filename="include_lib/system/device/includes.h" />
<Unit filename="include_lib/system/device/ioctl_cmds.h" />
<Unit filename="include_lib/system/device/iokey.h" />
<Unit filename="include_lib/system/device/irkey.h" />
<Unit filename="include_lib/system/device/key_driver.h" />
<Unit filename="include_lib/system/device/rdec_key.h" />
<Unit filename="include_lib/system/device/slidekey.h" />
<Unit filename="include_lib/system/device/touch_key.h" />
<Unit filename="include_lib/system/device/vm.h" />
<Unit filename="include_lib/system/event.h" />
<Unit filename="include_lib/system/fs/fs.h" />
<Unit filename="include_lib/system/fs/fs_file_name.h" />
<Unit filename="include_lib/system/fs/sdfile.h" />
<Unit filename="include_lib/system/generic/ascii.h" />
<Unit filename="include_lib/system/generic/atomic.h" />
<Unit filename="include_lib/system/generic/circular_buf.h" />
<Unit filename="include_lib/system/generic/cpu.h" />
<Unit filename="include_lib/system/generic/debug_lite.h" />
<Unit filename="include_lib/system/generic/errno-base.h" />
<Unit filename="include_lib/system/generic/gpio.h" />
<Unit filename="include_lib/system/generic/includes.h" />
<Unit filename="include_lib/system/generic/index.h" />
<Unit filename="include_lib/system/generic/ioctl.h" />
<Unit filename="include_lib/system/generic/irq.h" />
<Unit filename="include_lib/system/generic/jiffies.h" />
<Unit filename="include_lib/system/generic/lbuf.h" />
<Unit filename="include_lib/system/generic/lbuf_lite.h" />
<Unit filename="include_lib/system/generic/list.h" />
<Unit filename="include_lib/system/generic/log.h" />
<Unit filename="include_lib/system/generic/printf.h" />
<Unit filename="include_lib/system/generic/rect.h" />
<Unit filename="include_lib/system/generic/typedef.h" />
<Unit filename="include_lib/system/generic/version.h" />
<Unit filename="include_lib/system/includes.h" />
<Unit filename="include_lib/system/init.h" />
<Unit filename="include_lib/system/malloc.h" />
<Unit filename="include_lib/system/os/FreeRTOS/FreeRTOS.h" />
<Unit filename="include_lib/system/os/FreeRTOS/FreeRTOSConfig.h" />
<Unit filename="include_lib/system/os/FreeRTOS/deprecated_definitions.h" />
<Unit filename="include_lib/system/os/FreeRTOS/mpu_wrappers.h" />
<Unit filename="include_lib/system/os/FreeRTOS/pi32v2/portmacro.h" />
<Unit filename="include_lib/system/os/FreeRTOS/portable.h" />
<Unit filename="include_lib/system/os/FreeRTOS/projdefs.h" />
<Unit filename="include_lib/system/os/FreeRTOS/queue.h" />
<Unit filename="include_lib/system/os/FreeRTOS/semphr.h" />
<Unit filename="include_lib/system/os/os_api.h" />
<Unit filename="include_lib/system/os/os_cpu.h" />
<Unit filename="include_lib/system/os/os_error.h" />
<Unit filename="include_lib/system/os/os_type.h" />
<Unit filename="include_lib/system/power_manage.h" />
<Unit filename="include_lib/system/server/server_core.h" />
<Unit filename="include_lib/system/spi/nor_fs.h" />
<Unit filename="include_lib/system/spinlock.h" />
<Unit filename="include_lib/system/sys_time.h" />
<Unit filename="include_lib/system/syscfg_id.h" />
<Unit filename="include_lib/system/task.h" />
<Unit filename="include_lib/system/timer.h" />
<Unit filename="include_lib/system/ui/font/font_all.h" />
<Unit filename="include_lib/system/ui/font/font_sdfs.h" />
<Unit filename="include_lib/system/ui/font/font_textout.h" />
<Unit filename="include_lib/system/ui/font/language_list.h" />
<Unit filename="include_lib/system/ui/includes.h" />
<Unit filename="include_lib/system/ui/res/font_ascii.h" />
<Unit filename="include_lib/system/ui/res/resfile.h" />
<Unit filename="include_lib/system/ui/style_jl02.h" />
<Unit filename="include_lib/system/ui/ui/control.h" />
<Unit filename="include_lib/system/ui/ui/layer.h" />
<Unit filename="include_lib/system/ui/ui/layout.h" />
<Unit filename="include_lib/system/ui/ui/p.h" />
<Unit filename="include_lib/system/ui/ui/ui.h" />
<Unit filename="include_lib/system/ui/ui/ui_battery.h" />
<Unit filename="include_lib/system/ui/ui/ui_browser.h" />
<Unit filename="include_lib/system/ui/ui/ui_button.h" />
<Unit filename="include_lib/system/ui/ui/ui_camera.h" />
<Unit filename="include_lib/system/ui/ui/ui_core.h" />
<Unit filename="include_lib/system/ui/ui/ui_grid.h" />
<Unit filename="include_lib/system/ui/ui/ui_number.h" />
<Unit filename="include_lib/system/ui/ui/ui_pic.h" />
<Unit filename="include_lib/system/ui/ui/ui_slider.h" />
<Unit filename="include_lib/system/ui/ui/ui_text.h" />
<Unit filename="include_lib/system/ui/ui/ui_time.h" />
<Unit filename="include_lib/system/ui/ui/window.h" />
<Unit filename="include_lib/system/ui/ui_style.h" />
<Unit filename="include_lib/system/user_cfg.h" />
<Unit filename="include_lib/system/wait.h" />
<Unit filename="include_lib/update/dual_bank_updata_api.h" />
<Unit filename="include_lib/update/update.h" />
<Unit filename="include_lib/update/update_loader_download.h" />
</Project>
</CodeBlocks_project_file>
